
Microsoft Visual Studio Solution File, Format Version 12.00
# Visual Studio Version 17
VisualStudioVersion = 17.9.34414.90
MinimumVisualStudioVersion = 10.0.40219.1
Project("{2150E333-8FDC-42A3-9474-1A3956D46DE8}") = "src", "src", "{64F32B10-B0D6-4033-AA67-CA9851B703CC}"
EndProject
Project("{2150E333-8FDC-42A3-9474-1A3956D46DE8}") = "BLL", "BLL", "{2894F995-EF83-44BC-BC62-A7C85582A846}"
EndProject
Project("{2150E333-8FDC-42A3-9474-1A3956D46DE8}") = "DAL", "DAL", "{FC345D88-BA2E-46AD-957C-F8851177D3C1}"
EndProject
Project("{2150E333-8FDC-42A3-9474-1A3956D46DE8}") = "PL", "PL", "{9C314824-A79C-4E2D-A748-F6E24EFE1CF8}"
EndProject
Project("{9A19103F-16F7-4668-BE54-9A1E7A4F7556}") = "DataAccessLayer", "DataAccessLayer\DataAccessLayer.csproj", "{8BE6E4C3-47A4-4D72-8313-3F05B6DAD28A}"
EndProject
Project("{2150E333-8FDC-42A3-9474-1A3956D46DE8}") = "Admin", "Admin", "{70382B8E-6F06-4AD3-8AF7-E1064A37B7CA}"
EndProject
Project("{2150E333-8FDC-42A3-9474-1A3956D46DE8}") = "Mobile", "Mobile", "{0C93C772-22DC-4C68-9A02-5E54F3CE8980}"
EndProject
Project("{9A19103F-16F7-4668-BE54-9A1E7A4F7556}") = "BLL", "BLL\BLL.csproj", "{718E2F08-20A3-40D9-945C-980A1677E1DD}"
EndProject
Project("{9A19103F-16F7-4668-BE54-9A1E7A4F7556}") = "DTOs", "DTOs\DTOs.csproj", "{29380804-658F-44FD-8C9E-8646FCC115FF}"
EndProject
Project("{9A19103F-16F7-4668-BE54-9A1E7A4F7556}") = "MobileBLL", "MobileBLL\MobileBLL.csproj", "{2597D453-E324-411B-89C2-700ADAE3CDE5}"
EndProject
Project("{9A19103F-16F7-4668-BE54-9A1E7A4F7556}") = "MobileDTOs", "MobileDTOs\MobileDTOs.csproj", "{EBABAC5B-A2CE-4EB6-AA48-CD4FBAC71D90}"
EndProject
Project("{FAE04EC0-301F-11D3-BF4B-00C04F79EFBC}") = "API", "API\API.csproj", "{A20A8DB9-7D27-48B1-8F3A-CA0AFD0D27CC}"
EndProject
Global
	GlobalSection(SolutionConfigurationPlatforms) = preSolution
		Debug|Any CPU = Debug|Any CPU
		Release|Any CPU = Release|Any CPU
	EndGlobalSection
	GlobalSection(ProjectConfigurationPlatforms) = postSolution
		{8BE6E4C3-47A4-4D72-8313-3F05B6DAD28A}.Debug|Any CPU.ActiveCfg = Debug|Any CPU
		{8BE6E4C3-47A4-4D72-8313-3F05B6DAD28A}.Debug|Any CPU.Build.0 = Debug|Any CPU
		{8BE6E4C3-47A4-4D72-8313-3F05B6DAD28A}.Release|Any CPU.ActiveCfg = Release|Any CPU
		{8BE6E4C3-47A4-4D72-8313-3F05B6DAD28A}.Release|Any CPU.Build.0 = Release|Any CPU
		{718E2F08-20A3-40D9-945C-980A1677E1DD}.Debug|Any CPU.ActiveCfg = Debug|Any CPU
		{718E2F08-20A3-40D9-945C-980A1677E1DD}.Debug|Any CPU.Build.0 = Debug|Any CPU
		{718E2F08-20A3-40D9-945C-980A1677E1DD}.Release|Any CPU.ActiveCfg = Release|Any CPU
		{718E2F08-20A3-40D9-945C-980A1677E1DD}.Release|Any CPU.Build.0 = Release|Any CPU
		{29380804-658F-44FD-8C9E-8646FCC115FF}.Debug|Any CPU.ActiveCfg = Debug|Any CPU
		{29380804-658F-44FD-8C9E-8646FCC115FF}.Debug|Any CPU.Build.0 = Debug|Any CPU
		{29380804-658F-44FD-8C9E-8646FCC115FF}.Release|Any CPU.ActiveCfg = Release|Any CPU
		{29380804-658F-44FD-8C9E-8646FCC115FF}.Release|Any CPU.Build.0 = Release|Any CPU
		{2597D453-E324-411B-89C2-700ADAE3CDE5}.Debug|Any CPU.ActiveCfg = Debug|Any CPU
		{2597D453-E324-411B-89C2-700ADAE3CDE5}.Debug|Any CPU.Build.0 = Debug|Any CPU
		{2597D453-E324-411B-89C2-700ADAE3CDE5}.Release|Any CPU.ActiveCfg = Release|Any CPU
		{2597D453-E324-411B-89C2-700ADAE3CDE5}.Release|Any CPU.Build.0 = Release|Any CPU
		{EBABAC5B-A2CE-4EB6-AA48-CD4FBAC71D90}.Debug|Any CPU.ActiveCfg = Debug|Any CPU
		{EBABAC5B-A2CE-4EB6-AA48-CD4FBAC71D90}.Debug|Any CPU.Build.0 = Debug|Any CPU
		{EBABAC5B-A2CE-4EB6-AA48-CD4FBAC71D90}.Release|Any CPU.ActiveCfg = Release|Any CPU
		{EBABAC5B-A2CE-4EB6-AA48-CD4FBAC71D90}.Release|Any CPU.Build.0 = Release|Any CPU
		{A20A8DB9-7D27-48B1-8F3A-CA0AFD0D27CC}.Debug|Any CPU.ActiveCfg = Debug|Any CPU
		{A20A8DB9-7D27-48B1-8F3A-CA0AFD0D27CC}.Debug|Any CPU.Build.0 = Debug|Any CPU
		{A20A8DB9-7D27-48B1-8F3A-CA0AFD0D27CC}.Release|Any CPU.ActiveCfg = Release|Any CPU
		{A20A8DB9-7D27-48B1-8F3A-CA0AFD0D27CC}.Release|Any CPU.Build.0 = Release|Any CPU
	EndGlobalSection
	GlobalSection(SolutionProperties) = preSolution
		HideSolutionNode = FALSE
	EndGlobalSection
	GlobalSection(NestedProjects) = preSolution
		{2894F995-EF83-44BC-BC62-A7C85582A846} = {64F32B10-B0D6-4033-AA67-CA9851B703CC}
		{FC345D88-BA2E-46AD-957C-F8851177D3C1} = {64F32B10-B0D6-4033-AA67-CA9851B703CC}
		{9C314824-A79C-4E2D-A748-F6E24EFE1CF8} = {64F32B10-B0D6-4033-AA67-CA9851B703CC}
		{8BE6E4C3-47A4-4D72-8313-3F05B6DAD28A} = {FC345D88-BA2E-46AD-957C-F8851177D3C1}
		{70382B8E-6F06-4AD3-8AF7-E1064A37B7CA} = {2894F995-EF83-44BC-BC62-A7C85582A846}
		{0C93C772-22DC-4C68-9A02-5E54F3CE8980} = {2894F995-EF83-44BC-BC62-A7C85582A846}
		{718E2F08-20A3-40D9-945C-980A1677E1DD} = {70382B8E-6F06-4AD3-8AF7-E1064A37B7CA}
		{29380804-658F-44FD-8C9E-8646FCC115FF} = {70382B8E-6F06-4AD3-8AF7-E1064A37B7CA}
		{2597D453-E324-411B-89C2-700ADAE3CDE5} = {0C93C772-22DC-4C68-9A02-5E54F3CE8980}
		{EBABAC5B-A2CE-4EB6-AA48-CD4FBAC71D90} = {0C93C772-22DC-4C68-9A02-5E54F3CE8980}
		{A20A8DB9-7D27-48B1-8F3A-CA0AFD0D27CC} = {9C314824-A79C-4E2D-A748-F6E24EFE1CF8}
	EndGlobalSection
	GlobalSection(ExtensibilityGlobals) = postSolution
		SolutionGuid = {F99253BC-A1F9-4A62-B3AE-8917E323F788}
	EndGlobalSection
EndGlobal
